<?xml version="1.0" encoding="utf-8"?>
<Project ToolsVersion="4.0" xmlns="http://schemas.microsoft.com/developer/msbuild/2003">
  <ItemGroup>
    <Filter Include="Source Files">
      <UniqueIdentifier>{8bb2a4be-d052-4146-9fe5-db6eef9f3268}</UniqueIdentifier>
      <Extensions>cpp;c;cxx;rc;def;r;odl;idl;hpj;bat</Extensions>
    </Filter>
    <Filter Include="Header Files">
      <UniqueIdentifier>{21c43721-e858-462b-8548-2b1a7fe94a0a}</UniqueIdentifier>
      <Extensions>h;hpp;hxx;hm;inl</Extensions>
    </Filter>
  </ItemGroup>
  <ItemGroup>
    <ClCompile Include="MissionEditorPackLib.cpp">
      <Filter>Source Files</Filter>
    </ClCompile>
    <ClCompile Include="VoxelNormals.cpp">
      <Filter>Source Files</Filter>
    </ClCompile>
  </ItemGroup>
  <ItemGroup>
    <ClInclude Include="MissionEditorPackLib.h">
      <Filter>Header Files</Filter>
    </ClInclude>
    <ClInclude Include="Vec3.h">
      <Filter>Header Files</Filter>
    </ClInclude>
    <ClInclude Include="VoxelNormals.h">
      <Filter>Header Files</Filter>
    </ClInclude>
  </ItemGroup>
</Project>