<?xml version="1.0" encoding="utf-8"?>
<Project ToolsVersion="4.0" xmlns="http://schemas.microsoft.com/developer/msbuild/2003">
  <ItemGroup>
    <Filter Include="Header Files">
      <UniqueIdentifier>{c215544f-f62a-45a4-8949-17bb43b3ebea}</UniqueIdentifier>
      <Extensions>h;hpp;hxx;hm;inl</Extensions>
    </Filter>
    <Filter Include="Source Files">
      <UniqueIdentifier>{57a19054-68b3-4841-97a8-2c96363645a1}</UniqueIdentifier>
      <Extensions>cpp;c;cxx;rc;def;r;odl;idl;hpj;bat</Extensions>
    </Filter>
    <Filter Include="Resource Files">
      <UniqueIdentifier>{ee39e0ec-7d60-4320-93c0-9a853157a325}</UniqueIdentifier>
      <Extensions>ico;cur;bmp;dlg;rc2;rct;bin;rgs;gif;jpg;jpeg;jpe</Extensions>
    </Filter>
    <Filter Include="Data">
      <UniqueIdentifier>{c6e36256-e11e-46de-8078-890285750aab}</UniqueIdentifier>
    </Filter>
    <Filter Include="Data\FinalSun">
      <UniqueIdentifier>{949206c9-d492-4ca2-8d0d-2d4e7ef20e68}</UniqueIdentifier>
    </Filter>
    <Filter Include="Data\FinalAlert2">
      <UniqueIdentifier>{232e1539-2bf0-49ec-bc42-231495d83bc8}</UniqueIdentifier>
    </Filter>
    <Filter Include="Data\Shared">
      <UniqueIdentifier>{42e5d16b-680f-450d-a61c-b87814ca4c22}</UniqueIdentifier>
    </Filter>
  </ItemGroup>
  <ItemGroup>
    <ClCompile Include="Aircraft.cpp">
      <Filter>Source Files</Filter>
    </ClCompile>
    <ClCompile Include="AITriggerAddDlg.cpp">
      <Filter>Source Files</Filter>
    </ClCompile>
    <ClCompile Include="AITriggerTypes.cpp">
      <Filter>Source Files</Filter>
    </ClCompile>
    <ClCompile Include="AiTriggerTypesEnable.cpp">
      <Filter>Source Files</Filter>
    </ClCompile>
    <ClCompile Include="All.cpp">
      <Filter>Source Files</Filter>
    </ClCompile>
    <ClCompile Include="BackCliffModifier.cpp">
      <Filter>Source Files</Filter>
    </ClCompile>
    <ClCompile Include="Basic.cpp">
      <Filter>Source Files</Filter>
    </ClCompile>
    <ClCompile Include="Bitmap2MapConverter.cpp">
      <Filter>Source Files</Filter>
    </ClCompile>
    <ClCompile Include="Building.cpp">
      <Filter>Source Files</Filter>
    </ClCompile>
    <ClCompile Include="CellTag.cpp">
      <Filter>Source Files</Filter>
    </ClCompile>
    <ClCompile Include="ChangeSizeDlg.cpp">
      <Filter>Source Files</Filter>
    </ClCompile>
    <ClCompile Include="CliffModifier.cpp">
      <Filter>Source Files</Filter>
    </ClCompile>
    <ClCompile Include="ComboUInputDlg.cpp">
      <Filter>Source Files</Filter>
    </ClCompile>
    <ClCompile Include="DynamicGraphDlg.cpp">
      <Filter>Source Files</Filter>
    </ClCompile>
    <ClCompile Include="FinalSun.cpp">
      <Filter>Source Files</Filter>
    </ClCompile>
    <ClCompile Include="FinalSunDlg.cpp">
      <Filter>Source Files</Filter>
    </ClCompile>
    <ClCompile Include="FloatEdit.cpp">
      <Filter>Source Files</Filter>
    </ClCompile>
    <ClCompile Include="FrontCliffModifier.cpp">
      <Filter>Source Files</Filter>
    </ClCompile>
    <ClCompile Include="functions.cpp">
      <Filter>Source Files</Filter>
    </ClCompile>
    <ClCompile Include="GlobalsDlg.cpp">
      <Filter>Source Files</Filter>
    </ClCompile>
    <ClCompile Include="Houses.cpp">
      <Filter>Source Files</Filter>
    </ClCompile>
    <ClCompile Include="ImportINI.cpp">
      <Filter>Source Files</Filter>
    </ClCompile>
    <ClCompile Include="Infantry.cpp">
      <Filter>Source Files</Filter>
    </ClCompile>
    <ClCompile Include="Info.cpp">
      <Filter>Source Files</Filter>
    </ClCompile>
    <ClCompile Include="IniFile.cpp">
      <Filter>Source Files</Filter>
    </ClCompile>
    <ClCompile Include="InputBox.cpp">
      <Filter>Source Files</Filter>
    </ClCompile>
    <ClCompile Include="IsoView.cpp">
      <Filter>Source Files</Filter>
    </ClCompile>
    <ClCompile Include="Lighting.cpp">
      <Filter>Source Files</Filter>
    </ClCompile>
    <ClCompile Include="Loading.cpp">
      <Filter>Source Files</Filter>
    </ClCompile>
    <ClCompile Include="MapD.cpp">
      <Filter>Source Files</Filter>
    </ClCompile>
    <ClCompile Include="MapData.cpp">
      <Filter>Source Files</Filter>
    </ClCompile>
    <ClCompile Include="MapLoadingDlg.cpp">
      <Filter>Source Files</Filter>
    </ClCompile>
    <ClCompile Include="MapModifier.cpp">
      <Filter>Source Files</Filter>
    </ClCompile>
    <ClCompile Include="MapOpenDialog.cpp">
      <Filter>Source Files</Filter>
    </ClCompile>
    <ClCompile Include="MapValidator.cpp">
      <Filter>Source Files</Filter>
    </ClCompile>
    <ClCompile Include="MiniMap.cpp">
      <Filter>Source Files</Filter>
    </ClCompile>
    <ClCompile Include="MMXSavingOptionsDlg.cpp">
      <Filter>Source Files</Filter>
    </ClCompile>
    <ClCompile Include="MultiSaveOptionsDlg.cpp">
      <Filter>Source Files</Filter>
    </ClCompile>
    <ClCompile Include="MyComboBox.cpp">
      <Filter>Source Files</Filter>
    </ClCompile>
    <ClCompile Include="MyViewFrame.cpp">
      <Filter>Source Files</Filter>
    </ClCompile>
    <ClCompile Include="NewMap.cpp">
      <Filter>Source Files</Filter>
    </ClCompile>
    <ClCompile Include="NewMapCreateDlg.cpp">
      <Filter>Source Files</Filter>
    </ClCompile>
    <ClCompile Include="NewMapCreateNewDlg.cpp">
      <Filter>Source Files</Filter>
    </ClCompile>
    <ClCompile Include="NewMapImportDlg.cpp">
      <Filter>Source Files</Filter>
    </ClCompile>
    <ClCompile Include="NewMapSpDlg.cpp">
      <Filter>Source Files</Filter>
    </ClCompile>
    <ClCompile Include="NewMapTypeDlg.cpp">
      <Filter>Source Files</Filter>
    </ClCompile>
    <ClCompile Include="NewRA2HouseDlg.cpp">
      <Filter>Source Files</Filter>
    </ClCompile>
    <ClCompile Include="ProgressDlg.cpp">
      <Filter>Source Files</Filter>
    </ClCompile>
    <ClCompile Include="RightFrame.cpp">
      <Filter>Source Files</Filter>
    </ClCompile>
    <ClCompile Include="RTPDlg.cpp">
      <Filter>Source Files</Filter>
    </ClCompile>
    <ClCompile Include="SaveMapOptionsDlg.cpp">
      <Filter>Source Files</Filter>
    </ClCompile>
    <ClCompile Include="SavingDlg.cpp">
      <Filter>Source Files</Filter>
    </ClCompile>
    <ClCompile Include="ScriptTypes.cpp">
      <Filter>Source Files</Filter>
    </ClCompile>
    <ClCompile Include="SearchWaypointDlg.cpp">
      <Filter>Source Files</Filter>
    </ClCompile>
    <ClCompile Include="ShutDownDlg.cpp">
      <Filter>Source Files</Filter>
    </ClCompile>
    <ClCompile Include="SingleplayerSettings.cpp">
      <Filter>Source Files</Filter>
    </ClCompile>
    <ClCompile Include="SpecialFlags.cpp">
      <Filter>Source Files</Filter>
    </ClCompile>
    <ClCompile Include="StdAfx.cpp">
      <Filter>Source Files</Filter>
    </ClCompile>
    <ClCompile Include="Tags.cpp">
      <Filter>Source Files</Filter>
    </ClCompile>
    <ClCompile Include="TaskForce.cpp">
      <Filter>Source Files</Filter>
    </ClCompile>
    <ClCompile Include="TeamTypes.cpp">
      <Filter>Source Files</Filter>
    </ClCompile>
    <ClCompile Include="TerrainDlg.cpp">
      <Filter>Source Files</Filter>
    </ClCompile>
    <ClCompile Include="TerrainModifier.cpp">
      <Filter>Source Files</Filter>
    </ClCompile>
    <ClCompile Include="TileSetBrowserFrame.cpp">
      <Filter>Source Files</Filter>
    </ClCompile>
    <ClCompile Include="TileSetBrowserView.cpp">
      <Filter>Source Files</Filter>
    </ClCompile>
    <ClCompile Include="TipDlg.cpp">
      <Filter>Source Files</Filter>
    </ClCompile>
    <ClCompile Include="ToolSettingsBar.cpp">
      <Filter>Source Files</Filter>
    </ClCompile>
    <ClCompile Include="TriggerActionsDlg.cpp">
      <Filter>Source Files</Filter>
    </ClCompile>
    <ClCompile Include="TriggerEditorDlg.cpp">
      <Filter>Source Files</Filter>
    </ClCompile>
    <ClCompile Include="TriggerEventsDlg.cpp">
      <Filter>Source Files</Filter>
    </ClCompile>
    <ClCompile Include="TriggerOptionsDlg.cpp">
      <Filter>Source Files</Filter>
    </ClCompile>
    <ClCompile Include="Triggers.cpp">
      <Filter>Source Files</Filter>
    </ClCompile>
    <ClCompile Include="TSOptions.cpp">
      <Filter>Source Files</Filter>
    </ClCompile>
    <ClCompile Include="Unit.cpp">
      <Filter>Source Files</Filter>
    </ClCompile>
    <ClCompile Include="UserScriptsDlg.cpp">
      <Filter>Source Files</Filter>
    </ClCompile>
    <ClCompile Include="variables.cpp">
      <Filter>Source Files</Filter>
    </ClCompile>
    <ClCompile Include="ViewObjects.cpp">
      <Filter>Source Files</Filter>
    </ClCompile>
    <ClCompile Include="WaypointID.cpp">
      <Filter>Source Files</Filter>
    </ClCompile>
    <ClCompile Include="MapCode.cpp">
      <Filter>Source Files</Filter>
    </ClCompile>
    <ClCompile Include="LineDrawer.cpp">
      <Filter>Source Files</Filter>
    </ClCompile>
    <ClCompile Include="Tube.cpp">
      <Filter>Source Files</Filter>
    </ClCompile>
    <ClCompile Include="tests.cpp">
      <Filter>Source Files</Filter>
    </ClCompile>
    <ClCompile Include="TubeTool.cpp">
      <Filter>Source Files</Filter>
    </ClCompile>
    <ClCompile Include="structs.cpp">
      <Filter>Source Files</Filter>
    </ClCompile>
    <ClCompile Include="TextDrawer.cpp">
      <Filter>Source Files</Filter>
    </ClCompile>
  </ItemGroup>
  <ItemGroup>
    <ResourceCompile Include="MissionEditor.rc">
      <Filter>Source Files</Filter>
    </ResourceCompile>
  </ItemGroup>
  <ItemGroup>
    <ClInclude Include="Aircraft.h">
      <Filter>Header Files</Filter>
    </ClInclude>
    <ClInclude Include="AITriggerAddDlg.h">
      <Filter>Header Files</Filter>
    </ClInclude>
    <ClInclude Include="AITriggerTypes.h">
      <Filter>Header Files</Filter>
    </ClInclude>
    <ClInclude Include="AiTriggerTypesEnable.h">
      <Filter>Header Files</Filter>
    </ClInclude>
    <ClInclude Include="All.h">
      <Filter>Header Files</Filter>
    </ClInclude>
    <ClInclude Include="BackCliffModifier.h">
      <Filter>Header Files</Filter>
    </ClInclude>
    <ClInclude Include="Basic.h">
      <Filter>Header Files</Filter>
    </ClInclude>
    <ClInclude Include="Bitmap2MapConverter.h">
      <Filter>Header Files</Filter>
    </ClInclude>
    <ClInclude Include="Building.h">
      <Filter>Header Files</Filter>
    </ClInclude>
    <ClInclude Include="CellTag.h">
      <Filter>Header Files</Filter>
    </ClInclude>
    <ClInclude Include="ChangeSizeDlg.h">
      <Filter>Header Files</Filter>
    </ClInclude>
    <ClInclude Include="CliffModifier.h">
      <Filter>Header Files</Filter>
    </ClInclude>
    <ClInclude Include="ComboUInputDlg.h">
      <Filter>Header Files</Filter>
    </ClInclude>
    <ClInclude Include="defines.h">
      <Filter>Header Files</Filter>
    </ClInclude>
    <ClInclude Include="DynamicGraphDlg.h">
      <Filter>Header Files</Filter>
    </ClInclude>
    <ClInclude Include="FinalSun.h">
      <Filter>Header Files</Filter>
    </ClInclude>
    <ClInclude Include="FinalSunDlg.h">
      <Filter>Header Files</Filter>
    </ClInclude>
    <ClInclude Include="FloatEdit.h">
      <Filter>Header Files</Filter>
    </ClInclude>
    <ClInclude Include="FrontCliffModifier.h">
      <Filter>Header Files</Filter>
    </ClInclude>
    <ClInclude Include="functions.h">
      <Filter>Header Files</Filter>
    </ClInclude>
    <ClInclude Include="GlobalsDlg.h">
      <Filter>Header Files</Filter>
    </ClInclude>
    <ClInclude Include="Houses.h">
      <Filter>Header Files</Filter>
    </ClInclude>
    <ClInclude Include="ImportINI.h">
      <Filter>Header Files</Filter>
    </ClInclude>
    <ClInclude Include="Infantry.h">
      <Filter>Header Files</Filter>
    </ClInclude>
    <ClInclude Include="Info.h">
      <Filter>Header Files</Filter>
    </ClInclude>
    <ClInclude Include="IniFile.h">
      <Filter>Header Files</Filter>
    </ClInclude>
    <ClInclude Include="inlines.h">
      <Filter>Header Files</Filter>
    </ClInclude>
    <ClInclude Include="InputBox.h">
      <Filter>Header Files</Filter>
    </ClInclude>
    <ClInclude Include="IsoView.h">
      <Filter>Header Files</Filter>
    </ClInclude>
    <ClInclude Include="Lighting.h">
      <Filter>Header Files</Filter>
    </ClInclude>
    <ClInclude Include="Loading.h">
      <Filter>Header Files</Filter>
    </ClInclude>
    <ClInclude Include="macros.h">
      <Filter>Header Files</Filter>
    </ClInclude>
    <ClInclude Include="MapD.h">
      <Filter>Header Files</Filter>
    </ClInclude>
    <ClInclude Include="MapData.h">
      <Filter>Header Files</Filter>
    </ClInclude>
    <ClInclude Include="MapLoadingDlg.h">
      <Filter>Header Files</Filter>
    </ClInclude>
    <ClInclude Include="MapModifier.h">
      <Filter>Header Files</Filter>
    </ClInclude>
    <ClInclude Include="MapOpenDialog.h">
      <Filter>Header Files</Filter>
    </ClInclude>
    <ClInclude Include="MapValidator.h">
      <Filter>Header Files</Filter>
    </ClInclude>
    <ClInclude Include="MiniMap.h">
      <Filter>Header Files</Filter>
    </ClInclude>
    <ClInclude Include="MMXSavingOptionsDlg.h">
      <Filter>Header Files</Filter>
    </ClInclude>
    <ClInclude Include="MultiSaveOptionsDlg.h">
      <Filter>Header Files</Filter>
    </ClInclude>
    <ClInclude Include="MyComboBox.h">
      <Filter>Header Files</Filter>
    </ClInclude>
    <ClInclude Include="MyViewFrame.h">
      <Filter>Header Files</Filter>
    </ClInclude>
    <ClInclude Include="NewMap.h">
      <Filter>Header Files</Filter>
    </ClInclude>
    <ClInclude Include="NewMapCreateDlg.h">
      <Filter>Header Files</Filter>
    </ClInclude>
    <ClInclude Include="NewMapCreateNewDlg.h">
      <Filter>Header Files</Filter>
    </ClInclude>
    <ClInclude Include="NewMapImportDlg.h">
      <Filter>Header Files</Filter>
    </ClInclude>
    <ClInclude Include="NewMapSpDlg.h">
      <Filter>Header Files</Filter>
    </ClInclude>
    <ClInclude Include="NewMapTypeDlg.h">
      <Filter>Header Files</Filter>
    </ClInclude>
    <ClInclude Include="NewRA2HouseDlg.h">
      <Filter>Header Files</Filter>
    </ClInclude>
    <ClInclude Include="ovrlinline.h">
      <Filter>Header Files</Filter>
    </ClInclude>
    <ClInclude Include="ProgressDlg.h">
      <Filter>Header Files</Filter>
    </ClInclude>
    <ClInclude Include="Resource.h">
      <Filter>Header Files</Filter>
    </ClInclude>
    <ClInclude Include="RightFrame.h">
      <Filter>Header Files</Filter>
    </ClInclude>
    <ClInclude Include="RTPDlg.h">
      <Filter>Header Files</Filter>
    </ClInclude>
    <ClInclude Include="SaveMapOptionsDlg.h">
      <Filter>Header Files</Filter>
    </ClInclude>
    <ClInclude Include="SavingDlg.h">
      <Filter>Header Files</Filter>
    </ClInclude>
    <ClInclude Include="ScriptTypes.h">
      <Filter>Header Files</Filter>
    </ClInclude>
    <ClInclude Include="SearchWaypointDlg.h">
      <Filter>Header Files</Filter>
    </ClInclude>
    <ClInclude Include="ShutDownDlg.h">
      <Filter>Header Files</Filter>
    </ClInclude>
    <ClInclude Include="SingleplayerSettings.h">
      <Filter>Header Files</Filter>
    </ClInclude>
    <ClInclude Include="SpecialFlags.h">
      <Filter>Header Files</Filter>
    </ClInclude>
    <ClInclude Include="StdAfx.h">
      <Filter>Header Files</Filter>
    </ClInclude>
    <ClInclude Include="structs.h">
      <Filter>Header Files</Filter>
    </ClInclude>
    <ClInclude Include="Tags.h">
      <Filter>Header Files</Filter>
    </ClInclude>
    <ClInclude Include="TaskForce.h">
      <Filter>Header Files</Filter>
    </ClInclude>
    <ClInclude Include="TeamTypes.h">
      <Filter>Header Files</Filter>
    </ClInclude>
    <ClInclude Include="TerrainDlg.h">
      <Filter>Header Files</Filter>
    </ClInclude>
    <ClInclude Include="TerrainModifier.h">
      <Filter>Header Files</Filter>
    </ClInclude>
    <ClInclude Include="TileSetBrowserFrame.h">
      <Filter>Header Files</Filter>
    </ClInclude>
    <ClInclude Include="TileSetBrowserView.h">
      <Filter>Header Files</Filter>
    </ClInclude>
    <ClInclude Include="TipDlg.h">
      <Filter>Header Files</Filter>
    </ClInclude>
    <ClInclude Include="ToolSettingsBar.h">
      <Filter>Header Files</Filter>
    </ClInclude>
    <ClInclude Include="TriggerActionsDlg.h">
      <Filter>Header Files</Filter>
    </ClInclude>
    <ClInclude Include="TriggerEditorDlg.h">
      <Filter>Header Files</Filter>
    </ClInclude>
    <ClInclude Include="TriggerEventsDlg.h">
      <Filter>Header Files</Filter>
    </ClInclude>
    <ClInclude Include="TriggerOptionsDlg.h">
      <Filter>Header Files</Filter>
    </ClInclude>
    <ClInclude Include="Triggers.h">
      <Filter>Header Files</Filter>
    </ClInclude>
    <ClInclude Include="TSOptions.h">
      <Filter>Header Files</Filter>
    </ClInclude>
    <ClInclude Include="Unit.h">
      <Filter>Header Files</Filter>
    </ClInclude>
    <ClInclude Include="UserScriptsDlg.h">
      <Filter>Header Files</Filter>
    </ClInclude>
    <ClInclude Include="variables.h">
      <Filter>Header Files</Filter>
    </ClInclude>
    <ClInclude Include="ViewObjects.h">
      <Filter>Header Files</Filter>
    </ClInclude>
    <ClInclude Include="WaypointID.h">
      <Filter>Header Files</Filter>
    </ClInclude>
    <ClInclude Include="MapCode.h">
      <Filter>Header Files</Filter>
    </ClInclude>
    <ClInclude Include="LineDrawer.h">
      <Filter>Header Files</Filter>
    </ClInclude>
    <ClInclude Include="Tube.h">
      <Filter>Header Files</Filter>
    </ClInclude>
    <ClInclude Include="tests.h">
      <Filter>Header Files</Filter>
    </ClInclude>
    <ClInclude Include="MapTool.h">
      <Filter>Header Files</Filter>
    </ClInclude>
    <ClInclude Include="TubeTool.h">
      <Filter>Header Files</Filter>
    </ClInclude>
    <ClInclude Include="Vec2.h">
      <Filter>Header Files</Filter>
    </ClInclude>
    <ClInclude Include="TextDrawer.h">
      <Filter>Header Files</Filter>
    </ClInclude>
  </ItemGroup>
  <ItemGroup>
    <Image Include="res\clifftoo.bmp">
      <Filter>Resource Files</Filter>
    </Image>
    <Image Include="res\FinalSun.ico">
      <Filter>Resource Files</Filter>
    </Image>
    <Image Include="res\ico00003.ico">
      <Filter>Resource Files</Filter>
    </Image>
    <Image Include="res\idr_main.ico">
      <Filter>Resource Files</Filter>
    </Image>
    <Image Include="res\litebulb.bmp">
      <Filter>Resource Files</Filter>
    </Image>
    <Image Include="res\mv_probl.bmp">
      <Filter>Resource Files</Filter>
    </Image>
    <Image Include="res\terrainb.bmp">
      <Filter>Resource Files</Filter>
    </Image>
    <Image Include="res\Toolbar.bmp">
      <Filter>Resource Files</Filter>
    </Image>
    <Image Include="RES\FinalAlert2.ico">
      <Filter>Resource Files</Filter>
    </Image>
    <Image Include="RES\FinalAlert2YR.ico">
      <Filter>Resource Files</Filter>
    </Image>
    <Image Include="res\celltag_ra2.bmp">
      <Filter>Resource Files</Filter>
    </Image>
    <Image Include="res\wp_ra2.bmp">
      <Filter>Resource Files</Filter>
    </Image>
    <Image Include="res\celltag_ts.bmp">
      <Filter>Resource Files</Filter>
    </Image>
    <Image Include="res\wp_ts.bmp">
      <Filter>Resource Files</Filter>
    </Image>
    <Image Include="res\scrollcursor_ts.bmp">
      <Filter>Resource Files</Filter>
    </Image>
    <Image Include="res\scrollcursor_ra2.bmp">
      <Filter>Resource Files</Filter>
    </Image>
    <Image Include="res\bmp00005.bmp">
      <Filter>Resource Files</Filter>
    </Image>
  </ItemGroup>
  <ItemGroup>
    <Media Include="Res\uqeue.wav">
      <Filter>Resource Files</Filter>
    </Media>
    <Media Include="Res\uacbopen.wav">
      <Filter>Resource Files</Filter>
    </Media>
    <Media Include="Res\ugamclos.wav">
      <Filter>Resource Files</Filter>
    </Media>
    <Media Include="Res\umenscol.wav">
      <Filter>Resource Files</Filter>
    </Media>
  </ItemGroup>
  <ItemGroup>
    <CustomBuild Include="res\FinalSun.rc2">
      <Filter>Resource Files</Filter>
    </CustomBuild>
    <CustomBuild Include="data\FinalAlert2\FAData.ini">
      <Filter>Data\FinalAlert2</Filter>
    </CustomBuild>
    <CustomBuild Include="data\FinalAlert2\FALanguage.ini">
      <Filter>Data\FinalAlert2</Filter>
    </CustomBuild>
    <CustomBuild Include="data\FinalSun\FSLanguage.ini">
      <Filter>Data\FinalSun</Filter>
    </CustomBuild>
  </ItemGroup>
  <ItemGroup>
    <None Include="data\FinalSun\FSData.ini">
      <Filter>Data\FinalSun</Filter>
    </None>
    <None Include="res\ts_arrow.cur">
      <Filter>Resource Files</Filter>
    </None>
    <None Include="res\ra2_arrow.cur">
      <Filter>Resource Files</Filter>
    </None>
  </ItemGroup>
  <ItemGroup>
    <Text Include="data\shared\Changelog.txt">
      <Filter>Data\Shared</Filter>
    </Text>
  </ItemGroup>
</Project>